
Microsoft Visual Studio Solution File, Format Version 12.00
# Visual Studio 15
VisualStudioVersion = 15.0.27703.2026
MinimumVisualStudioVersion = 10.0.40219.1
Project("{9A19103F-16F7-4668-BE54-9A1E7A4F7556}") = "1.CoreWebApplication1", "CoreWebApplication1\1.CoreWebApplication1.csproj", "{2FA854CF-ABC8-4BF5-A70F-77C7860A2020}"
EndProject
Project("{2150E333-8FDC-42A3-9474-1A3956D46DE8}") = "Appsettings", "Appsettings", "{DEB7A266-5568-4FF2-8F9F-CF8922626ABD}"
EndProject
Project("{9A19103F-16F7-4668-BE54-9A1E7A4F7556}") = "GetAppsettingValues.json", "GetAppsettingValues.json\GetAppsettingValues.json.csproj", "{AF668322-7080-4EC2-931A-51EDC0BD3B6D}"
EndProject
Project("{9A19103F-16F7-4668-BE54-9A1E7A4F7556}") = "2RazorPagesMoveCore", "2RazorPagesMoveCore\2RazorPagesMoveCore.csproj", "{B9DE3EA9-3872-4E53-AE06-2A74D0BF3BCF}"
EndProject
Project("{2150E333-8FDC-42A3-9474-1A3956D46DE8}") = "Core概念(铁人赛30)", "Core概念(铁人赛30)", "{C9856431-B22A-41F6-94BF-B1D2961012A7}"
EndProject
Project("{9A19103F-16F7-4668-BE54-9A1E7A4F7556}") = "Day07Route", "Day07Route\Day07Route.csproj", "{39CFA7F7-F8CD-41F7-8955-A7B758BF14F0}"
EndProject
Project("{9A19103F-16F7-4668-BE54-9A1E7A4F7556}") = "Day08地址重写", "Day08地址重写\Day08地址重写.csproj", "{654E84EA-5E76-4514-91B7-FA8B869D79D7}"
EndProject
Project("{9A19103F-16F7-4668-BE54-9A1E7A4F7556}") = "Day09Model_Binding", "Day09Model_Binding\Day09Model_Binding.csproj", "{5A5349A4-DD8F-4D91-9396-73554E7AAEA6}"
EndProject
Project("{9A19103F-16F7-4668-BE54-9A1E7A4F7556}") = "Day11CookieAndSession", "Day11CookieAndSession\Day11CookieAndSession.csproj", "{41BDC35B-95F0-4D6D-B210-8C01E47867EE}"
EndProject
Project("{9A19103F-16F7-4668-BE54-9A1E7A4F7556}") = "Day12API", "Day12API\Day12API.csproj", "{B62A732D-409C-4B5D-AFC8-71B30622E3B4}"
EndProject
Project("{9A19103F-16F7-4668-BE54-9A1E7A4F7556}") = "Day12API_2.1", "Day12API_2.1\Day12API_2.1.csproj", "{928A0F0A-7E27-4B52-BB7B-52AF955FA6D5}"
EndProject
Project("{9A19103F-16F7-4668-BE54-9A1E7A4F7556}") = "Day13WebAPI文件产生器", "Day13WebAPI文件产生器\Day13WebAPI文件产生器.csproj", "{D07CBA2B-570F-4C1B-A6FF-7D4B93F6A9EC}"
EndProject
Project("{9A19103F-16F7-4668-BE54-9A1E7A4F7556}") = "Day14Filter", "Day14Filter\Day14Filter.csproj", "{CB96325A-2BCE-437F-988D-280CBA6BCD58}"
EndProject
Project("{9A19103F-16F7-4668-BE54-9A1E7A4F7556}") = "Day15Configuration组态设定", "Day15Configuration组态设定\Day15Configuration组态设定.csproj", "{994E8E40-7209-4338-9D86-E1B583FC232B}"
EndProject
Project("{9A19103F-16F7-4668-BE54-9A1E7A4F7556}") = "Day16多种环境变量", "Day16多种环境变量\Day16多种环境变量.csproj", "{73B651F6-C51D-4033-BCF4-47D2EF4FE736}"
EndProject
Project("{9A19103F-16F7-4668-BE54-9A1E7A4F7556}") = "Day17ExceptionMiddleware", "Day17ExceptionMiddleware\Day17ExceptionMiddleware.csproj", "{8A1D5A3D-DA60-4A8A-8684-C035CCF3DB16}"
EndProject
Project("{9A19103F-16F7-4668-BE54-9A1E7A4F7556}") = "Day19NLogAndLog4net", "Day19NLogAndLog4net\Day19NLogAndLog4net.csproj", "{2A953649-CA74-4147-9E29-0AA4287D6C47}"
EndProject
Project("{9A19103F-16F7-4668-BE54-9A1E7A4F7556}") = "Day20快取机制和RedisSession", "Day20快取机制和RedisSession\Day20快取机制和RedisSession.csproj", "{880B89E4-33E7-4516-84D1-71AFEBAAA50B}"
EndProject
Project("{9A19103F-16F7-4668-BE54-9A1E7A4F7556}") = "Day21多国语言", "Day21多国语言\Day21多国语言.csproj", "{4A69E25F-5C82-4A9F-A1B3-0EF745991C42}"
EndProject
Project("{9A19103F-16F7-4668-BE54-9A1E7A4F7556}") = "Day23上传和下载", "Day23上传和下载\Day23上传和下载.csproj", "{7CE5ED2E-F0FE-4356-BB5C-8A9C6DEA2A3A}"
EndProject
Project("{9A19103F-16F7-4668-BE54-9A1E7A4F7556}") = "Day24EntityFrameworkCore", "Day24EntityFrameworkCore\Day24EntityFrameworkCore.csproj", "{5A10A9EE-DD19-4D15-9FD3-401D1E553AB5}"
EndProject
Project("{9A19103F-16F7-4668-BE54-9A1E7A4F7556}") = "Day26跨域请求", "Day26跨域请求\Day26跨域请求.csproj", "{05BFD911-2B06-4AE1-A364-5B1941E501B5}"
EndProject
Project("{9A19103F-16F7-4668-BE54-9A1E7A4F7556}") = "Day27Response快取", "Day27Response快取\Day27Response快取.csproj", "{C1C671AD-B528-4F96-ADBB-C01FFBFB4B03}"
EndProject
Project("{9A19103F-16F7-4668-BE54-9A1E7A4F7556}") = "Day29Compression压缩", "Day29Compression压缩\Day29Compression压缩.csproj", "{5F06755F-437A-4B6D-BD73-D10821B1BBD7}"
EndProject
Project("{2150E333-8FDC-42A3-9474-1A3956D46DE8}") = "Core2.0WebAPI", "Core2.0WebAPI", "{F523CC71-8CA8-4F5F-AA1E-59A28D2CBBFF}"
EndProject
Project("{9A19103F-16F7-4668-BE54-9A1E7A4F7556}") = "CoreBackendApi", "CoreBackendApi\CoreBackendApi.csproj", "{28B347C7-44B0-487C-9C56-92C20F212BDD}"
EndProject
Project("{9A19103F-16F7-4668-BE54-9A1E7A4F7556}") = "EFCore", "Core2.0EF\EFCore.csproj", "{71975712-34CB-4425-983B-EBA28495C03D}"
EndProject
Project("{2150E333-8FDC-42A3-9474-1A3956D46DE8}") = "LinQ", "LinQ", "{A70DC1A9-7BB6-43B1-B64C-D4234C412567}"
EndProject
Project("{9A19103F-16F7-4668-BE54-9A1E7A4F7556}") = "01LinQBase", "01LinQBase\01LinQBase.csproj", "{1CD1EE0C-14E2-4FE3-81C8-E0D9E8E9130C}"
EndProject
Project("{9A19103F-16F7-4668-BE54-9A1E7A4F7556}") = "02LinqMore", "02LinqMore\02LinqMore.csproj", "{4F21A808-563E-4C59-9DEE-B4F462DB6E4B}"
EndProject
Project("{9A19103F-16F7-4668-BE54-9A1E7A4F7556}") = "03LinqToSQL", "03LinqToSQL\03LinqToSQL.csproj", "{719FDC54-4AD4-4C42-B8B1-A0CDFC8AA4FB}"
EndProject
Project("{9A19103F-16F7-4668-BE54-9A1E7A4F7556}") = "Day30KestrelWebServer", "Day30KestrelWebServer\Day30KestrelWebServer.csproj", "{167B9266-B8E4-4831-BD06-D7D9CA3C601D}"
EndProject
Global
	GlobalSection(SolutionConfigurationPlatforms) = preSolution
		Debug|Any CPU = Debug|Any CPU
		Release|Any CPU = Release|Any CPU
	EndGlobalSection
	GlobalSection(ProjectConfigurationPlatforms) = postSolution
		{2FA854CF-ABC8-4BF5-A70F-77C7860A2020}.Debug|Any CPU.ActiveCfg = Debug|Any CPU
		{2FA854CF-ABC8-4BF5-A70F-77C7860A2020}.Debug|Any CPU.Build.0 = Debug|Any CPU
		{2FA854CF-ABC8-4BF5-A70F-77C7860A2020}.Release|Any CPU.ActiveCfg = Release|Any CPU
		{2FA854CF-ABC8-4BF5-A70F-77C7860A2020}.Release|Any CPU.Build.0 = Release|Any CPU
		{AF668322-7080-4EC2-931A-51EDC0BD3B6D}.Debug|Any CPU.ActiveCfg = Debug|Any CPU
		{AF668322-7080-4EC2-931A-51EDC0BD3B6D}.Debug|Any CPU.Build.0 = Debug|Any CPU
		{AF668322-7080-4EC2-931A-51EDC0BD3B6D}.Release|Any CPU.ActiveCfg = Release|Any CPU
		{AF668322-7080-4EC2-931A-51EDC0BD3B6D}.Release|Any CPU.Build.0 = Release|Any CPU
		{B9DE3EA9-3872-4E53-AE06-2A74D0BF3BCF}.Debug|Any CPU.ActiveCfg = Debug|Any CPU
		{B9DE3EA9-3872-4E53-AE06-2A74D0BF3BCF}.Debug|Any CPU.Build.0 = Debug|Any CPU
		{B9DE3EA9-3872-4E53-AE06-2A74D0BF3BCF}.Release|Any CPU.ActiveCfg = Release|Any CPU
		{B9DE3EA9-3872-4E53-AE06-2A74D0BF3BCF}.Release|Any CPU.Build.0 = Release|Any CPU
		{39CFA7F7-F8CD-41F7-8955-A7B758BF14F0}.Debug|Any CPU.ActiveCfg = Debug|Any CPU
		{39CFA7F7-F8CD-41F7-8955-A7B758BF14F0}.Debug|Any CPU.Build.0 = Debug|Any CPU
		{39CFA7F7-F8CD-41F7-8955-A7B758BF14F0}.Release|Any CPU.ActiveCfg = Release|Any CPU
		{39CFA7F7-F8CD-41F7-8955-A7B758BF14F0}.Release|Any CPU.Build.0 = Release|Any CPU
		{654E84EA-5E76-4514-91B7-FA8B869D79D7}.Debug|Any CPU.ActiveCfg = Debug|Any CPU
		{654E84EA-5E76-4514-91B7-FA8B869D79D7}.Debug|Any CPU.Build.0 = Debug|Any CPU
		{654E84EA-5E76-4514-91B7-FA8B869D79D7}.Release|Any CPU.ActiveCfg = Release|Any CPU
		{654E84EA-5E76-4514-91B7-FA8B869D79D7}.Release|Any CPU.Build.0 = Release|Any CPU
		{5A5349A4-DD8F-4D91-9396-73554E7AAEA6}.Debug|Any CPU.ActiveCfg = Debug|Any CPU
		{5A5349A4-DD8F-4D91-9396-73554E7AAEA6}.Debug|Any CPU.Build.0 = Debug|Any CPU
		{5A5349A4-DD8F-4D91-9396-73554E7AAEA6}.Release|Any CPU.ActiveCfg = Release|Any CPU
		{5A5349A4-DD8F-4D91-9396-73554E7AAEA6}.Release|Any CPU.Build.0 = Release|Any CPU
		{41BDC35B-95F0-4D6D-B210-8C01E47867EE}.Debug|Any CPU.ActiveCfg = Debug|Any CPU
		{41BDC35B-95F0-4D6D-B210-8C01E47867EE}.Debug|Any CPU.Build.0 = Debug|Any CPU
		{41BDC35B-95F0-4D6D-B210-8C01E47867EE}.Release|Any CPU.ActiveCfg = Release|Any CPU
		{41BDC35B-95F0-4D6D-B210-8C01E47867EE}.Release|Any CPU.Build.0 = Release|Any CPU
		{B62A732D-409C-4B5D-AFC8-71B30622E3B4}.Debug|Any CPU.ActiveCfg = Debug|Any CPU
		{B62A732D-409C-4B5D-AFC8-71B30622E3B4}.Debug|Any CPU.Build.0 = Debug|Any CPU
		{B62A732D-409C-4B5D-AFC8-71B30622E3B4}.Release|Any CPU.ActiveCfg = Release|Any CPU
		{B62A732D-409C-4B5D-AFC8-71B30622E3B4}.Release|Any CPU.Build.0 = Release|Any CPU
		{928A0F0A-7E27-4B52-BB7B-52AF955FA6D5}.Debug|Any CPU.ActiveCfg = Debug|Any CPU
		{928A0F0A-7E27-4B52-BB7B-52AF955FA6D5}.Debug|Any CPU.Build.0 = Debug|Any CPU
		{928A0F0A-7E27-4B52-BB7B-52AF955FA6D5}.Release|Any CPU.ActiveCfg = Release|Any CPU
		{928A0F0A-7E27-4B52-BB7B-52AF955FA6D5}.Release|Any CPU.Build.0 = Release|Any CPU
		{D07CBA2B-570F-4C1B-A6FF-7D4B93F6A9EC}.Debug|Any CPU.ActiveCfg = Debug|Any CPU
		{D07CBA2B-570F-4C1B-A6FF-7D4B93F6A9EC}.Debug|Any CPU.Build.0 = Debug|Any CPU
		{D07CBA2B-570F-4C1B-A6FF-7D4B93F6A9EC}.Release|Any CPU.ActiveCfg = Release|Any CPU
		{D07CBA2B-570F-4C1B-A6FF-7D4B93F6A9EC}.Release|Any CPU.Build.0 = Release|Any CPU
		{CB96325A-2BCE-437F-988D-280CBA6BCD58}.Debug|Any CPU.ActiveCfg = Debug|Any CPU
		{CB96325A-2BCE-437F-988D-280CBA6BCD58}.Debug|Any CPU.Build.0 = Debug|Any CPU
		{CB96325A-2BCE-437F-988D-280CBA6BCD58}.Release|Any CPU.ActiveCfg = Release|Any CPU
		{CB96325A-2BCE-437F-988D-280CBA6BCD58}.Release|Any CPU.Build.0 = Release|Any CPU
		{994E8E40-7209-4338-9D86-E1B583FC232B}.Debug|Any CPU.ActiveCfg = Debug|Any CPU
		{994E8E40-7209-4338-9D86-E1B583FC232B}.Debug|Any CPU.Build.0 = Debug|Any CPU
		{994E8E40-7209-4338-9D86-E1B583FC232B}.Release|Any CPU.ActiveCfg = Release|Any CPU
		{994E8E40-7209-4338-9D86-E1B583FC232B}.Release|Any CPU.Build.0 = Release|Any CPU
		{73B651F6-C51D-4033-BCF4-47D2EF4FE736}.Debug|Any CPU.ActiveCfg = Debug|Any CPU
		{73B651F6-C51D-4033-BCF4-47D2EF4FE736}.Debug|Any CPU.Build.0 = Debug|Any CPU
		{73B651F6-C51D-4033-BCF4-47D2EF4FE736}.Release|Any CPU.ActiveCfg = Release|Any CPU
		{73B651F6-C51D-4033-BCF4-47D2EF4FE736}.Release|Any CPU.Build.0 = Release|Any CPU
		{8A1D5A3D-DA60-4A8A-8684-C035CCF3DB16}.Debug|Any CPU.ActiveCfg = Debug|Any CPU
		{8A1D5A3D-DA60-4A8A-8684-C035CCF3DB16}.Debug|Any CPU.Build.0 = Debug|Any CPU
		{8A1D5A3D-DA60-4A8A-8684-C035CCF3DB16}.Release|Any CPU.ActiveCfg = Release|Any CPU
		{8A1D5A3D-DA60-4A8A-8684-C035CCF3DB16}.Release|Any CPU.Build.0 = Release|Any CPU
		{2A953649-CA74-4147-9E29-0AA4287D6C47}.Debug|Any CPU.ActiveCfg = Debug|Any CPU
		{2A953649-CA74-4147-9E29-0AA4287D6C47}.Debug|Any CPU.Build.0 = Debug|Any CPU
		{2A953649-CA74-4147-9E29-0AA4287D6C47}.Release|Any CPU.ActiveCfg = Release|Any CPU
		{2A953649-CA74-4147-9E29-0AA4287D6C47}.Release|Any CPU.Build.0 = Release|Any CPU
		{880B89E4-33E7-4516-84D1-71AFEBAAA50B}.Debug|Any CPU.ActiveCfg = Debug|Any CPU
		{880B89E4-33E7-4516-84D1-71AFEBAAA50B}.Debug|Any CPU.Build.0 = Debug|Any CPU
		{880B89E4-33E7-4516-84D1-71AFEBAAA50B}.Release|Any CPU.ActiveCfg = Release|Any CPU
		{880B89E4-33E7-4516-84D1-71AFEBAAA50B}.Release|Any CPU.Build.0 = Release|Any CPU
		{4A69E25F-5C82-4A9F-A1B3-0EF745991C42}.Debug|Any CPU.ActiveCfg = Debug|Any CPU
		{4A69E25F-5C82-4A9F-A1B3-0EF745991C42}.Debug|Any CPU.Build.0 = Debug|Any CPU
		{4A69E25F-5C82-4A9F-A1B3-0EF745991C42}.Release|Any CPU.ActiveCfg = Release|Any CPU
		{4A69E25F-5C82-4A9F-A1B3-0EF745991C42}.Release|Any CPU.Build.0 = Release|Any CPU
		{7CE5ED2E-F0FE-4356-BB5C-8A9C6DEA2A3A}.Debug|Any CPU.ActiveCfg = Debug|Any CPU
		{7CE5ED2E-F0FE-4356-BB5C-8A9C6DEA2A3A}.Debug|Any CPU.Build.0 = Debug|Any CPU
		{7CE5ED2E-F0FE-4356-BB5C-8A9C6DEA2A3A}.Release|Any CPU.ActiveCfg = Release|Any CPU
		{7CE5ED2E-F0FE-4356-BB5C-8A9C6DEA2A3A}.Release|Any CPU.Build.0 = Release|Any CPU
		{5A10A9EE-DD19-4D15-9FD3-401D1E553AB5}.Debug|Any CPU.ActiveCfg = Debug|Any CPU
		{5A10A9EE-DD19-4D15-9FD3-401D1E553AB5}.Debug|Any CPU.Build.0 = Debug|Any CPU
		{5A10A9EE-DD19-4D15-9FD3-401D1E553AB5}.Release|Any CPU.ActiveCfg = Release|Any CPU
		{5A10A9EE-DD19-4D15-9FD3-401D1E553AB5}.Release|Any CPU.Build.0 = Release|Any CPU
		{05BFD911-2B06-4AE1-A364-5B1941E501B5}.Debug|Any CPU.ActiveCfg = Debug|Any CPU
		{05BFD911-2B06-4AE1-A364-5B1941E501B5}.Debug|Any CPU.Build.0 = Debug|Any CPU
		{05BFD911-2B06-4AE1-A364-5B1941E501B5}.Release|Any CPU.ActiveCfg = Release|Any CPU
		{05BFD911-2B06-4AE1-A364-5B1941E501B5}.Release|Any CPU.Build.0 = Release|Any CPU
		{C1C671AD-B528-4F96-ADBB-C01FFBFB4B03}.Debug|Any CPU.ActiveCfg = Debug|Any CPU
		{C1C671AD-B528-4F96-ADBB-C01FFBFB4B03}.Debug|Any CPU.Build.0 = Debug|Any CPU
		{C1C671AD-B528-4F96-ADBB-C01FFBFB4B03}.Release|Any CPU.ActiveCfg = Release|Any CPU
		{C1C671AD-B528-4F96-ADBB-C01FFBFB4B03}.Release|Any CPU.Build.0 = Release|Any CPU
		{5F06755F-437A-4B6D-BD73-D10821B1BBD7}.Debug|Any CPU.ActiveCfg = Debug|Any CPU
		{5F06755F-437A-4B6D-BD73-D10821B1BBD7}.Debug|Any CPU.Build.0 = Debug|Any CPU
		{5F06755F-437A-4B6D-BD73-D10821B1BBD7}.Release|Any CPU.ActiveCfg = Release|Any CPU
		{5F06755F-437A-4B6D-BD73-D10821B1BBD7}.Release|Any CPU.Build.0 = Release|Any CPU
		{28B347C7-44B0-487C-9C56-92C20F212BDD}.Debug|Any CPU.ActiveCfg = Debug|Any CPU
		{28B347C7-44B0-487C-9C56-92C20F212BDD}.Debug|Any CPU.Build.0 = Debug|Any CPU
		{28B347C7-44B0-487C-9C56-92C20F212BDD}.Release|Any CPU.ActiveCfg = Release|Any CPU
		{28B347C7-44B0-487C-9C56-92C20F212BDD}.Release|Any CPU.Build.0 = Release|Any CPU
		{71975712-34CB-4425-983B-EBA28495C03D}.Debug|Any CPU.ActiveCfg = Debug|Any CPU
		{71975712-34CB-4425-983B-EBA28495C03D}.Debug|Any CPU.Build.0 = Debug|Any CPU
		{71975712-34CB-4425-983B-EBA28495C03D}.Release|Any CPU.ActiveCfg = Release|Any CPU
		{71975712-34CB-4425-983B-EBA28495C03D}.Release|Any CPU.Build.0 = Release|Any CPU
		{1CD1EE0C-14E2-4FE3-81C8-E0D9E8E9130C}.Debug|Any CPU.ActiveCfg = Debug|Any CPU
		{1CD1EE0C-14E2-4FE3-81C8-E0D9E8E9130C}.Debug|Any CPU.Build.0 = Debug|Any CPU
		{1CD1EE0C-14E2-4FE3-81C8-E0D9E8E9130C}.Release|Any CPU.ActiveCfg = Release|Any CPU
		{1CD1EE0C-14E2-4FE3-81C8-E0D9E8E9130C}.Release|Any CPU.Build.0 = Release|Any CPU
		{4F21A808-563E-4C59-9DEE-B4F462DB6E4B}.Debug|Any CPU.ActiveCfg = Debug|Any CPU
		{4F21A808-563E-4C59-9DEE-B4F462DB6E4B}.Debug|Any CPU.Build.0 = Debug|Any CPU
		{4F21A808-563E-4C59-9DEE-B4F462DB6E4B}.Release|Any CPU.ActiveCfg = Release|Any CPU
		{4F21A808-563E-4C59-9DEE-B4F462DB6E4B}.Release|Any CPU.Build.0 = Release|Any CPU
		{719FDC54-4AD4-4C42-B8B1-A0CDFC8AA4FB}.Debug|Any CPU.ActiveCfg = Debug|Any CPU
		{719FDC54-4AD4-4C42-B8B1-A0CDFC8AA4FB}.Debug|Any CPU.Build.0 = Debug|Any CPU
		{719FDC54-4AD4-4C42-B8B1-A0CDFC8AA4FB}.Release|Any CPU.ActiveCfg = Release|Any CPU
		{719FDC54-4AD4-4C42-B8B1-A0CDFC8AA4FB}.Release|Any CPU.Build.0 = Release|Any CPU
		{167B9266-B8E4-4831-BD06-D7D9CA3C601D}.Debug|Any CPU.ActiveCfg = Debug|Any CPU
		{167B9266-B8E4-4831-BD06-D7D9CA3C601D}.Debug|Any CPU.Build.0 = Debug|Any CPU
		{167B9266-B8E4-4831-BD06-D7D9CA3C601D}.Release|Any CPU.ActiveCfg = Release|Any CPU
		{167B9266-B8E4-4831-BD06-D7D9CA3C601D}.Release|Any CPU.Build.0 = Release|Any CPU
	EndGlobalSection
	GlobalSection(SolutionProperties) = preSolution
		HideSolutionNode = FALSE
	EndGlobalSection
	GlobalSection(NestedProjects) = preSolution
		{AF668322-7080-4EC2-931A-51EDC0BD3B6D} = {DEB7A266-5568-4FF2-8F9F-CF8922626ABD}
		{39CFA7F7-F8CD-41F7-8955-A7B758BF14F0} = {C9856431-B22A-41F6-94BF-B1D2961012A7}
		{654E84EA-5E76-4514-91B7-FA8B869D79D7} = {C9856431-B22A-41F6-94BF-B1D2961012A7}
		{5A5349A4-DD8F-4D91-9396-73554E7AAEA6} = {C9856431-B22A-41F6-94BF-B1D2961012A7}
		{41BDC35B-95F0-4D6D-B210-8C01E47867EE} = {C9856431-B22A-41F6-94BF-B1D2961012A7}
		{B62A732D-409C-4B5D-AFC8-71B30622E3B4} = {C9856431-B22A-41F6-94BF-B1D2961012A7}
		{928A0F0A-7E27-4B52-BB7B-52AF955FA6D5} = {C9856431-B22A-41F6-94BF-B1D2961012A7}
		{D07CBA2B-570F-4C1B-A6FF-7D4B93F6A9EC} = {C9856431-B22A-41F6-94BF-B1D2961012A7}
		{CB96325A-2BCE-437F-988D-280CBA6BCD58} = {C9856431-B22A-41F6-94BF-B1D2961012A7}
		{994E8E40-7209-4338-9D86-E1B583FC232B} = {C9856431-B22A-41F6-94BF-B1D2961012A7}
		{73B651F6-C51D-4033-BCF4-47D2EF4FE736} = {C9856431-B22A-41F6-94BF-B1D2961012A7}
		{8A1D5A3D-DA60-4A8A-8684-C035CCF3DB16} = {C9856431-B22A-41F6-94BF-B1D2961012A7}
		{2A953649-CA74-4147-9E29-0AA4287D6C47} = {C9856431-B22A-41F6-94BF-B1D2961012A7}
		{880B89E4-33E7-4516-84D1-71AFEBAAA50B} = {C9856431-B22A-41F6-94BF-B1D2961012A7}
		{4A69E25F-5C82-4A9F-A1B3-0EF745991C42} = {C9856431-B22A-41F6-94BF-B1D2961012A7}
		{7CE5ED2E-F0FE-4356-BB5C-8A9C6DEA2A3A} = {C9856431-B22A-41F6-94BF-B1D2961012A7}
		{5A10A9EE-DD19-4D15-9FD3-401D1E553AB5} = {C9856431-B22A-41F6-94BF-B1D2961012A7}
		{05BFD911-2B06-4AE1-A364-5B1941E501B5} = {C9856431-B22A-41F6-94BF-B1D2961012A7}
		{C1C671AD-B528-4F96-ADBB-C01FFBFB4B03} = {C9856431-B22A-41F6-94BF-B1D2961012A7}
		{5F06755F-437A-4B6D-BD73-D10821B1BBD7} = {C9856431-B22A-41F6-94BF-B1D2961012A7}
		{28B347C7-44B0-487C-9C56-92C20F212BDD} = {F523CC71-8CA8-4F5F-AA1E-59A28D2CBBFF}
		{71975712-34CB-4425-983B-EBA28495C03D} = {F523CC71-8CA8-4F5F-AA1E-59A28D2CBBFF}
		{1CD1EE0C-14E2-4FE3-81C8-E0D9E8E9130C} = {A70DC1A9-7BB6-43B1-B64C-D4234C412567}
		{4F21A808-563E-4C59-9DEE-B4F462DB6E4B} = {A70DC1A9-7BB6-43B1-B64C-D4234C412567}
		{719FDC54-4AD4-4C42-B8B1-A0CDFC8AA4FB} = {A70DC1A9-7BB6-43B1-B64C-D4234C412567}
		{167B9266-B8E4-4831-BD06-D7D9CA3C601D} = {C9856431-B22A-41F6-94BF-B1D2961012A7}
	EndGlobalSection
	GlobalSection(ExtensibilityGlobals) = postSolution
		SolutionGuid = {5C759A5F-2F74-483A-A17D-07C19519DFAD}
	EndGlobalSection
EndGlobal
